PODS:
  - Alloy (0.13.3):
    - Alloy/Core (= 0.13.3)
  - Alloy/Core (0.13.3)
  - Alloy/Shaders (0.13.3):
    - Alloy/Core
  - MetalView (1.0.0):
    - Alloy (~> 0.13.2)
    - SwiftMath (~> 3.2.1)
  - SnapKit (5.0.1)
  - SwiftMath (3.2.1)

DEPENDENCIES:
  - Alloy/Shaders (from `https://github.com/s1ddok/Alloy.git`, branch `text-rendering`)
  - MetalView
  - SnapKit

SPEC REPOS:
  trunk:
    - MetalView
    - SnapKit
    - SwiftMath

EXTERNAL SOURCES:
  Alloy:
    :branch: text-rendering
    :git: https://github.com/s1ddok/Alloy.git

CHECKOUT OPTIONS:
  Alloy:
    :commit: 372b8508215d56ad581b02c32c98f478d6cf4107
    :git: https://github.com/s1ddok/Alloy.git

SPEC CHECKSUMS:
  Alloy: c6428784056aa90e89b7ccddc5290ce8bcce914d
  MetalView: d330ef8e07364cdd726ac3fe43e2de2d7a89755a
  SnapKit: 97b92857e3df3a0c71833cce143274bf6ef8e5eb
  SwiftMath: 5ae74160b077a63752d6cce4fbe85657dad6b534

PODFILE CHECKSUM: b2f249a4767be67b73302fea267399cb5c8d5ff6

COCOAPODS: 1.9.1
