PODS:
  - Alloy (0.13.2):
    - Alloy/Core (= 0.13.2)
  - Alloy/Core (0.13.2)
  - Alloy/Shaders (0.13.2):
    - Alloy/Core
  - MetalView (1.0.0):
    - Alloy (~> 0.13.2)
    - SwiftMath (~> 3.2.1)
  - SettingsViewController (0.1.0):
    - SnapKit
  - SnapKit (5.0.1)
  - SwiftMath (3.2.1)

DEPENDENCIES:
  - Alloy/Shaders
  - MetalView (from `~/github/eugenebokhan/MetalView`)
  - SettingsViewController (from `https://github.com/eugenebokhan/SettingsViewController.git`, branch `master`)
  - SnapKit
  - SwiftMath

SPEC REPOS:
  trunk:
    - Alloy
    - SnapKit
    - SwiftMath

EXTERNAL SOURCES:
  MetalView:
    :path: "~/github/eugenebokhan/MetalView"
  SettingsViewController:
    :branch: master
    :git: https://github.com/eugenebokhan/SettingsViewController.git

CHECKOUT OPTIONS:
  SettingsViewController:
    :commit: bca8586e08699bfd8ac16fbeda01d6afceb91533
    :git: https://github.com/eugenebokhan/SettingsViewController.git

SPEC CHECKSUMS:
  Alloy: c6f0995da7dc73dca375e530c30b3a79a9228526
  MetalView: d330ef8e07364cdd726ac3fe43e2de2d7a89755a
  SettingsViewController: 6dca874ca3785059d125c9a66bce48d27819d34c
  SnapKit: 97b92857e3df3a0c71833cce143274bf6ef8e5eb
  SwiftMath: 5ae74160b077a63752d6cce4fbe85657dad6b534

PODFILE CHECKSUM: ce3f087f19e3eae1d8aaef5682d64b97c685e22a

COCOAPODS: 1.9.1
