// !$*UTF8*$!
{
	archiveVersion = 1;
	classes = {
	};
	objectVersion = 52;
	objects = {

/* Begin PBXBuildFile section */
		1861E8D92701DA8B00A36722 /* TextureView in Frameworks */ = {isa = PBXBuildFile; productRef = 1861E8D82701DA8B00A36722 /* TextureView */; };
		18A3C1A52702174200EBA46E /* MetalRenderingTools in Frameworks */ = {isa = PBXBuildFile; productRef = 18A3C1A42702174200EBA46E /* MetalRenderingTools */; };
		18D1305F2702035200289A06 /* SnapKit in Frameworks */ = {isa = PBXBuildFile; productRef = 18D1305E2702035200289A06 /* SnapKit */; };
		18D130622702037400289A06 /* MetalRenderingTools in Frameworks */ = {isa = PBXBuildFile; productRef = 18D130612702037400289A06 /* MetalRenderingTools */; };
		18F703C4241CC94200062259 /* AppDelegate.swift in Sources */ = {isa = PBXBuildFile; fileRef = 18F703C3241CC94200062259 /* AppDelegate.swift */; };
		18F703C6241CC94200062259 /* SceneDelegate.swift in Sources */ = {isa = PBXBuildFile; fileRef = 18F703C5241CC94200062259 /* SceneDelegate.swift */; };
		18F703C8241CC94200062259 /* ViewController.swift in Sources */ = {isa = PBXBuildFile; fileRef = 18F703C7241CC94200062259 /* ViewController.swift */; };
		18F703CB241CC94200062259 /* Main.storyboard in Resources */ = {isa = PBXBuildFile; fileRef = 18F703C9241CC94200062259 /* Main.storyboard */; };
		18F703CD241CC94300062259 /* Assets.xcassets in Resources */ = {isa = PBXBuildFile; fileRef = 18F703CC241CC94300062259 /* Assets.xcassets */; };
		18F703D0241CC94300062259 /* LaunchScreen.storyboard in Resources */ = {isa = PBXBuildFile; fileRef = 18F703CE241CC94300062259 /* LaunchScreen.storyboard */; };
/* End PBXBuildFile section */

/* Begin PBXFileReference section */
		18D854ED2420D0FF002CC5DB /* TextRendering.entitlements */ = {isa = PBXFileReference; lastKnownFileType = text.plist.entitlements; path = TextRendering.entitlements; sourceTree = "<group>"; };
		18F703C0241CC94200062259 /* TextRendering.app */ = {isa = PBXFileReference; explicitFileType = wrapper.application; includeInIndex = 0; path = TextRendering.app; sourceTree = BUILT_PRODUCTS_DIR; };
		18F703C3241CC94200062259 /* AppDelegate.swift */ = {isa = PBXFileReference; lastKnownFileType = sourcecode.swift; path = AppDelegate.swift; sourceTree = "<group>"; };
		18F703C5241CC94200062259 /* SceneDelegate.swift */ = {isa = PBXFileReference; lastKnownFileType = sourcecode.swift; path = SceneDelegate.swift; sourceTree = "<group>"; };
		18F703C7241CC94200062259 /* ViewController.swift */ = {isa = PBXFileReference; lastKnownFileType = sourcecode.swift; path = ViewController.swift; sourceTree = "<group>"; };
		18F703CA241CC94200062259 /* Base */ = {isa = PBXFileReference; lastKnownFileType = file.storyboard; name = Base; path = Base.lproj/Main.storyboard; sourceTree = "<group>"; };
		18F703CC241CC94300062259 /* Assets.xcassets */ = {isa = PBXFileReference; lastKnownFileType = folder.assetcatalog; path = Assets.xcassets; sourceTree = "<group>"; };
		18F703CF241CC94300062259 /* Base */ = {isa = PBXFileReference; lastKnownFileType = file.storyboard; name = Base; path = Base.lproj/LaunchScreen.storyboard; sourceTree = "<group>"; };
		18F703D1241CC94300062259 /* Info.plist */ = {isa = PBXFileReference; lastKnownFileType = text.plist.xml; path = Info.plist; sourceTree = "<group>"; };
/* End PBXFileReference section */

/* Begin PBXFrameworksBuildPhase section */
		18F703BD241CC94200062259 /* Frameworks */ = {
			isa = PBXFrameworksBuildPhase;
			buildActionMask = 2147483647;
			files = (
				1861E8D92701DA8B00A36722 /* TextureView in Frameworks */,
				18A3C1A52702174200EBA46E /* MetalRenderingTools in Frameworks */,
				18D130622702037400289A06 /* MetalRenderingTools in Frameworks */,
				18D1305F2702035200289A06 /* SnapKit in Frameworks */,
			);
			runOnlyForDeploymentPostprocessing = 0;
		};
/* End PBXFrameworksBuildPhase section */

/* Begin PBXGroup section */
		18D130602702037400289A06 /* Frameworks */ = {
			isa = PBXGroup;
			children = (
			);
			name = Frameworks;
			sourceTree = "<group>";
		};
		18F703B7241CC94200062259 = {
			isa = PBXGroup;
			children = (
				18F703C2241CC94200062259 /* TextRendering */,
				18F703C1241CC94200062259 /* Products */,
				18D130602702037400289A06 /* Frameworks */,
			);
			sourceTree = "<group>";
		};
		18F703C1241CC94200062259 /* Products */ = {
			isa = PBXGroup;
			children = (
				18F703C0241CC94200062259 /* TextRendering.app */,
			);
			name = Products;
			sourceTree = "<group>";
		};
		18F703C2241CC94200062259 /* TextRendering */ = {
			isa = PBXGroup;
			children = (
				18D854ED2420D0FF002CC5DB /* TextRendering.entitlements */,
				18F703C3241CC94200062259 /* AppDelegate.swift */,
				18F703C5241CC94200062259 /* SceneDelegate.swift */,
				18F703C7241CC94200062259 /* ViewController.swift */,
				18F703C9241CC94200062259 /* Main.storyboard */,
				18F703CC241CC94300062259 /* Assets.xcassets */,
				18F703CE241CC94300062259 /* LaunchScreen.storyboard */,
				18F703D1241CC94300062259 /* Info.plist */,
			);
			path = TextRendering;
			sourceTree = "<group>";
		};
/* End PBXGroup section */

/* Begin PBXNativeTarget section */
		18F703BF241CC94200062259 /* TextRendering */ = {
			isa = PBXNativeTarget;
			buildConfigurationList = 18F703D4241CC94300062259 /* Build configuration list for PBXNativeTarget "TextRendering" */;
			buildPhases = (
				18F703BC241CC94200062259 /* Sources */,
				18F703BD241CC94200062259 /* Frameworks */,
				18F703BE241CC94200062259 /* Resources */,
			);
			buildRules = (
			);
			dependencies = (
			);
			name = TextRendering;
			packageProductDependencies = (
				1861E8D82701DA8B00A36722 /* TextureView */,
				18D1305E2702035200289A06 /* SnapKit */,
				18D130612702037400289A06 /* MetalRenderingTools */,
				18A3C1A42702174200EBA46E /* MetalRenderingTools */,
			);
			productName = TextRendering;
			productReference = 18F703C0241CC94200062259 /* TextRendering.app */;
			productType = "com.apple.product-type.application";
		};
/* End PBXNativeTarget section */

/* Begin PBXProject section */
		18F703B8241CC94200062259 /* Project object */ = {
			isa = PBXProject;
			attributes = {
				LastSwiftUpdateCheck = 1130;
				LastUpgradeCheck = 1300;
				ORGANIZATIONNAME = "Eugene Bokhan";
				TargetAttributes = {
					18F703BF241CC94200062259 = {
						CreatedOnToolsVersion = 11.3.1;
						LastSwiftMigration = 1130;
					};
				};
			};
			buildConfigurationList = 18F703BB241CC94200062259 /* Build configuration list for PBXProject "TextRendering" */;
			compatibilityVersion = "Xcode 9.3";
			developmentRegion = en;
			hasScannedForEncodings = 0;
			knownRegions = (
				en,
				Base,
			);
			mainGroup = 18F703B7241CC94200062259;
			packageReferences = (
				1861E8D72701DA8B00A36722 /* XCRemoteSwiftPackageReference "texture-view" */,
				18D1305D2702035200289A06 /* XCRemoteSwiftPackageReference "snapkit" */,
				18A3C1A32702174200EBA46E /* XCRemoteSwiftPackageReference "metal-rendering-tools" */,
			);
			productRefGroup = 18F703C1241CC94200062259 /* Products */;
			projectDirPath = "";
			projectRoot = "";
			targets = (
				18F703BF241CC94200062259 /* TextRendering */,
			);
		};
/* End PBXProject section */

/* Begin PBXResourcesBuildPhase section */
		18F703BE241CC94200062259 /* Resources */ = {
			isa = PBXResourcesBuildPhase;
			buildActionMask = 2147483647;
			files = (
				18F703D0241CC94300062259 /* LaunchScreen.storyboard in Resources */,
				18F703CD241CC94300062259 /* Assets.xcassets in Resources */,
				18F703CB241CC94200062259 /* Main.storyboard in Resources */,
			);
			runOnlyForDeploymentPostprocessing = 0;
		};
/* End PBXResourcesBuildPhase section */

/* Begin PBXSourcesBuildPhase section */
		18F703BC241CC94200062259 /* Sources */ = {
			isa = PBXSourcesBuildPhase;
			buildActionMask = 2147483647;
			files = (
				18F703C8241CC94200062259 /* ViewController.swift in Sources */,
				18F703C4241CC94200062259 /* AppDelegate.swift in Sources */,
				18F703C6241CC94200062259 /* SceneDelegate.swift in Sources */,
			);
			runOnlyForDeploymentPostprocessing = 0;
		};
/* End PBXSourcesBuildPhase section */

/* Begin PBXVariantGroup section */
		18F703C9241CC94200062259 /* Main.storyboard */ = {
			isa = PBXVariantGroup;
			children = (
				18F703CA241CC94200062259 /* Base */,
			);
			name = Main.storyboard;
			sourceTree = "<group>";
		};
		18F703CE241CC94300062259 /* LaunchScreen.storyboard */ = {
			isa = PBXVariantGroup;
			children = (
				18F703CF241CC94300062259 /* Base */,
			);
			name = LaunchScreen.storyboard;
			sourceTree = "<group>";
		};
/* End PBXVariantGroup section */

/* Begin XCBuildConfiguration section */
		18F703D2241CC94300062259 /* Debug */ = {
			isa = XCBuildConfiguration;
			buildSettings = {
				ALWAYS_SEARCH_USER_PATHS = NO;
				CLANG_ANALYZER_NONNULL = YES;
				CLANG_ANALYZER_NUMBER_OBJECT_CONVERSION = YES_AGGRESSIVE;
				CLANG_CXX_LANGUAGE_STANDARD = "gnu++14";
				CLANG_CXX_LIBRARY = "libc++";
				CLANG_ENABLE_MODULES = YES;
				CLANG_ENABLE_OBJC_ARC = YES;
				CLANG_ENABLE_OBJC_WEAK = YES;
				CLANG_WARN_BLOCK_CAPTURE_AUTORELEASING = YES;
				CLANG_WARN_BOOL_CONVERSION = YES;
				CLANG_WARN_COMMA = YES;
				CLANG_WARN_CONSTANT_CONVERSION = YES;
				CLANG_WARN_DEPRECATED_OBJC_IMPLEMENTATIONS = YES;
				CLANG_WARN_DIRECT_OBJC_ISA_USAGE = YES_ERROR;
				CLANG_WARN_DOCUMENTATION_COMMENTS = YES;
				CLANG_WARN_EMPTY_BODY = YES;
				CLANG_WARN_ENUM_CONVERSION = YES;
				CLANG_WARN_INFINITE_RECURSION = YES;
				CLANG_WARN_INT_CONVERSION = YES;
				CLANG_WARN_NON_LITERAL_NULL_CONVERSION = YES;
				CLANG_WARN_OBJC_IMPLICIT_RETAIN_SELF = YES;
				CLANG_WARN_OBJC_LITERAL_CONVERSION = YES;
				CLANG_WARN_OBJC_ROOT_CLASS = YES_ERROR;
				CLANG_WARN_QUOTED_INCLUDE_IN_FRAMEWORK_HEADER = YES;
				CLANG_WARN_RANGE_LOOP_ANALYSIS = YES;
				CLANG_WARN_STRICT_PROTOTYPES = YES;
				CLANG_WARN_SUSPICIOUS_MOVE = YES;
				CLANG_WARN_UNGUARDED_AVAILABILITY = YES_AGGRESSIVE;
				CLANG_WARN_UNREACHABLE_CODE = YES;
				CLANG_WARN__DUPLICATE_METHOD_MATCH = YES;
				COPY_PHASE_STRIP = NO;
				DEBUG_INFORMATION_FORMAT = dwarf;
				ENABLE_STRICT_OBJC_MSGSEND = YES;
				ENABLE_TESTABILITY = YES;
				GCC_C_LANGUAGE_STANDARD = gnu11;
				GCC_DYNAMIC_NO_PIC = NO;
				GCC_NO_COMMON_BLOCKS = YES;
				GCC_OPTIMIZATION_LEVEL = 0;
				GCC_PREPROCESSOR_DEFINITIONS = (
					"DEBUG=1",
					"$(inherited)",
				);
				GCC_WARN_64_TO_32_BIT_CONVERSION = YES;
				GCC_WARN_ABOUT_RETURN_TYPE = YES_ERROR;
				GCC_WARN_UNDECLARED_SELECTOR = YES;
				GCC_WARN_UNINITIALIZED_AUTOS = YES_AGGRESSIVE;
				GCC_WARN_UNUSED_FUNCTION = YES;
				GCC_WARN_UNUSED_VARIABLE = YES;
				IPHONEOS_DEPLOYMENT_TARGET = 13.2;
				MTL_ENABLE_DEBUG_INFO = INCLUDE_SOURCE;
				MTL_FAST_MATH = YES;
				ONLY_ACTIVE_ARCH = YES;
				SDKROOT = iphoneos;
				SWIFT_ACTIVE_COMPILATION_CONDITIONS = DEBUG;
				SWIFT_OPTIMIZATION_LEVEL = "-Onone";
			};
			name = Debug;
		};
		18F703D3241CC94300062259 /* Release */ = {
			isa = XCBuildConfiguration;
			buildSettings = {
				ALWAYS_SEARCH_USER_PATHS = NO;
				CLANG_ANALYZER_NONNULL = YES;
				CLANG_ANALYZER_NUMBER_OBJECT_CONVERSION = YES_AGGRESSIVE;
				CLANG_CXX_LANGUAGE_STANDARD = "gnu++14";
				CLANG_CXX_LIBRARY = "libc++";
				CLANG_ENABLE_MODULES = YES;
				CLANG_ENABLE_OBJC_ARC = YES;
				CLANG_ENABLE_OBJC_WEAK = YES;
				CLANG_WARN_BLOCK_CAPTURE_AUTORELEASING = YES;
				CLANG_WARN_BOOL_CONVERSION = YES;
				CLANG_WARN_COMMA = YES;
				CLANG_WARN_CONSTANT_CONVERSION = YES;
				CLANG_WARN_DEPRECATED_OBJC_IMPLEMENTATIONS = YES;
				CLANG_WARN_DIRECT_OBJC_ISA_USAGE = YES_ERROR;
				CLANG_WARN_DOCUMENTATION_COMMENTS = YES;
				CLANG_WARN_EMPTY_BODY = YES;
				CLANG_WARN_ENUM_CONVERSION = YES;
				CLANG_WARN_INFINITE_RECURSION = YES;
				CLANG_WARN_INT_CONVERSION = YES;
				CLANG_WARN_NON_LITERAL_NULL_CONVERSION = YES;
				CLANG_WARN_OBJC_IMPLICIT_RETAIN_SELF = YES;
				CLANG_WARN_OBJC_LITERAL_CONVERSION = YES;
				CLANG_WARN_OBJC_ROOT_CLASS = YES_ERROR;
				CLANG_WARN_QUOTED_INCLUDE_IN_FRAMEWORK_HEADER = YES;
				CLANG_WARN_RANGE_LOOP_ANALYSIS = YES;
				CLANG_WARN_STRICT_PROTOTYPES = YES;
				CLANG_WARN_SUSPICIOUS_MOVE = YES;
				CLANG_WARN_UNGUARDED_AVAILABILITY = YES_AGGRESSIVE;
				CLANG_WARN_UNREACHABLE_CODE = YES;
				CLANG_WARN__DUPLICATE_METHOD_MATCH = YES;
				COPY_PHASE_STRIP = NO;
				DEBUG_INFORMATION_FORMAT = "dwarf-with-dsym";
				ENABLE_NS_ASSERTIONS = NO;
				ENABLE_STRICT_OBJC_MSGSEND = YES;
				GCC_C_LANGUAGE_STANDARD = gnu11;
				GCC_NO_COMMON_BLOCKS = YES;
				GCC_WARN_64_TO_32_BIT_CONVERSION = YES;
				GCC_WARN_ABOUT_RETURN_TYPE = YES_ERROR;
				GCC_WARN_UNDECLARED_SELECTOR = YES;
				GCC_WARN_UNINITIALIZED_AUTOS = YES_AGGRESSIVE;
				GCC_WARN_UNUSED_FUNCTION = YES;
				GCC_WARN_UNUSED_VARIABLE = YES;
				IPHONEOS_DEPLOYMENT_TARGET = 13.2;
				MTL_ENABLE_DEBUG_INFO = NO;
				MTL_FAST_MATH = YES;
				SDKROOT = iphoneos;
				SWIFT_COMPILATION_MODE = wholemodule;
				SWIFT_OPTIMIZATION_LEVEL = "-O";
				VALIDATE_PRODUCT = YES;
			};
			name = Release;
		};
		18F703D5241CC94300062259 /* Debug */ = {
			isa = XCBuildConfiguration;
			buildSettings = {
				ASSETCATALOG_COMPILER_APPICON_NAME = AppIcon;
				CLANG_ENABLE_MODULES = YES;
				CODE_SIGN_ENTITLEMENTS = TextRendering/TextRendering.entitlements;
				CODE_SIGN_STYLE = Automatic;
				DERIVE_MACCATALYST_PRODUCT_BUNDLE_IDENTIFIER = YES;
				DEVELOPMENT_TEAM = U59P58LC6V;
				INFOPLIST_FILE = TextRendering/Info.plist;
				IPHONEOS_DEPLOYMENT_TARGET = 13.0;
				LD_RUNPATH_SEARCH_PATHS = (
					"$(inherited)",
					"@executable_path/Frameworks",
				);
				PRODUCT_BUNDLE_IDENTIFIER = com.eugenebokhan.TextRendering;
				PRODUCT_NAME = "$(TARGET_NAME)";
				SUPPORTS_MACCATALYST = YES;
				SWIFT_OBJC_BRIDGING_HEADER = "";
				SWIFT_OPTIMIZATION_LEVEL = "-Onone";
				SWIFT_VERSION = 5.0;
				TARGETED_DEVICE_FAMILY = "1,2";
			};
			name = Debug;
		};
		18F703D6241CC94300062259 /* Release */ = {
			isa = XCBuildConfiguration;
			buildSettings = {
				ASSETCATALOG_COMPILER_APPICON_NAME = AppIcon;
				CLANG_ENABLE_MODULES = YES;
				CODE_SIGN_ENTITLEMENTS = TextRendering/TextRendering.entitlements;
				CODE_SIGN_STYLE = Automatic;
				DERIVE_MACCATALYST_PRODUCT_BUNDLE_IDENTIFIER = YES;
				DEVELOPMENT_TEAM = U59P58LC6V;
				INFOPLIST_FILE = TextRendering/Info.plist;
				IPHONEOS_DEPLOYMENT_TARGET = 13.0;
				LD_RUNPATH_SEARCH_PATHS = (
					"$(inherited)",
					"@executable_path/Frameworks",
				);
				PRODUCT_BUNDLE_IDENTIFIER = com.eugenebokhan.TextRendering;
				PRODUCT_NAME = "$(TARGET_NAME)";
				SUPPORTS_MACCATALYST = YES;
				SWIFT_OBJC_BRIDGING_HEADER = "";
				SWIFT_VERSION = 5.0;
				TARGETED_DEVICE_FAMILY = "1,2";
			};
			name = Release;
		};
/* End XCBuildConfiguration section */

/* Begin XCConfigurationList section */
		18F703BB241CC94200062259 /* Build configuration list for PBXProject "TextRendering" */ = {
			isa = XCConfigurationList;
			buildConfigurations = (
				18F703D2241CC94300062259 /* Debug */,
				18F703D3241CC94300062259 /* Release */,
			);
			defaultConfigurationIsVisible = 0;
			defaultConfigurationName = Release;
		};
		18F703D4241CC94300062259 /* Build configuration list for PBXNativeTarget "TextRendering" */ = {
			isa = XCConfigurationList;
			buildConfigurations = (
				18F703D5241CC94300062259 /* Debug */,
				18F703D6241CC94300062259 /* Release */,
			);
			defaultConfigurationIsVisible = 0;
			defaultConfigurationName = Release;
		};
/* End XCConfigurationList section */

/* Begin XCRemoteSwiftPackageReference section */
		1861E8D72701DA8B00A36722 /* XCRemoteSwiftPackageReference "texture-view" */ = {
			isa = XCRemoteSwiftPackageReference;
			repositoryURL = "https://github.com/eugenebokhan/texture-view.git";
			requirement = {
				kind = exactVersion;
				version = 1.0.2;
			};
		};
		18A3C1A32702174200EBA46E /* XCRemoteSwiftPackageReference "metal-rendering-tools" */ = {
			isa = XCRemoteSwiftPackageReference;
			repositoryURL = "https://github.com/eugenebokhan/metal-rendering-tools.git";
			requirement = {
				kind = exactVersion;
				version = 0.0.1;
			};
		};
		18D1305D2702035200289A06 /* XCRemoteSwiftPackageReference "snapkit" */ = {
			isa = XCRemoteSwiftPackageReference;
			repositoryURL = "https://github.com/snapkit/snapkit.git";
			requirement = {
				kind = exactVersion;
				version = 5.0.0;
			};
		};
/* End XCRemoteSwiftPackageReference section */

/* Begin XCSwiftPackageProductDependency section */
		1861E8D82701DA8B00A36722 /* TextureView */ = {
			isa = XCSwiftPackageProductDependency;
			package = 1861E8D72701DA8B00A36722 /* XCRemoteSwiftPackageReference "texture-view" */;
			productName = TextureView;
		};
		18A3C1A42702174200EBA46E /* MetalRenderingTools */ = {
			isa = XCSwiftPackageProductDependency;
			package = 18A3C1A32702174200EBA46E /* XCRemoteSwiftPackageReference "metal-rendering-tools" */;
			productName = MetalRenderingTools;
		};
		18D1305E2702035200289A06 /* SnapKit */ = {
			isa = XCSwiftPackageProductDependency;
			package = 18D1305D2702035200289A06 /* XCRemoteSwiftPackageReference "snapkit" */;
			productName = SnapKit;
		};
		18D130612702037400289A06 /* MetalRenderingTools */ = {
			isa = XCSwiftPackageProductDependency;
			productName = MetalRenderingTools;
		};
/* End XCSwiftPackageProductDependency section */
	};
	rootObject = 18F703B8241CC94200062259 /* Project object */;
}
